{
  "version": 4,
  "terraform_version": "1.9.5",
  "serial": 39,
  "lineage": "83875de6-4725-e1fa-d7c8-7e417955d198",
  "outputs": {
    "website_url": {
      "value": "my-new-dirctorsbucket-2024-23cb80c3a074cb.s3.amazonaws.com",
      "type": "string"
    }
  },
  "resources": [
    {
      "mode": "managed",
      "type": "aws_s3_bucket",
      "name": "directors_buckets",
      "provider": "provider[\"registry.terraform.io/hashicorp/aws\"]",
      "instances": [
        {
          "schema_version": 0,
          "attributes": {
            "acceleration_status": "",
            "acl": null,
            "arn": "arn:aws:s3:::my-new-dirctorsbucket-2024-23cb80c3a074cb",
            "bucket": "my-new-dirctorsbucket-2024-23cb80c3a074cb",
            "bucket_domain_name": "my-new-dirctorsbucket-2024-23cb80c3a074cb.s3.amazonaws.com",
            "bucket_prefix": "",
            "bucket_regional_domain_name": "my-new-dirctorsbucket-2024-23cb80c3a074cb.s3.us-west-1.amazonaws.com",
            "cors_rule": [],
            "force_destroy": false,
            "grant": [
              {
                "id": "05f5341c1b86b77b76dd567833784c5a278c0d7408d6118fdd2ae93d98351a7b",
                "permissions": [
                  "FULL_CONTROL"
                ],
                "type": "CanonicalUser",
                "uri": ""
              }
            ],
            "hosted_zone_id": "Z2F56UZL2M1ACD",
            "id": "my-new-dirctorsbucket-2024-23cb80c3a074cb",
            "lifecycle_rule": [],
            "logging": [],
            "object_lock_configuration": [],
            "object_lock_enabled": false,
            "policy": "",
            "region": "us-west-1",
            "replication_configuration": [],
            "request_payer": "BucketOwner",
            "server_side_encryption_configuration": [
              {
                "rule": [
                  {
                    "apply_server_side_encryption_by_default": [
                      {
                        "kms_master_key_id": "",
                        "sse_algorithm": "AES256"
                      }
                    ],
                    "bucket_key_enabled": false
                  }
                ]
              }
            ],
            "tags": {
              "Environment": "Dev",
              "Name": "chizzy_bucket"
            },
            "tags_all": {
              "Environment": "Dev",
              "Name": "chizzy_bucket"
            },
            "timeouts": null,
            "versioning": [
              {
                "enabled": false,
                "mfa_delete": false
              }
            ],
            "website": [],
            "website_domain": null,
            "website_endpoint": null
          },
          "sensitive_attributes": [],
          "private": "eyJlMmJmYjczMC1lY2FhLTExZTYtOGY4OC0zNDM2M2JjN2M0YzAiOnsiY3JlYXRlIjoxMjAwMDAwMDAwMDAwLCJkZWxldGUiOjM2MDAwMDAwMDAwMDAsInJlYWQiOjEyMDAwMDAwMDAwMDAsInVwZGF0ZSI6MTIwMDAwMDAwMDAwMH19",
          "dependencies": [
            "random_id.bucket_suffix"
          ]
        }
      ]
    },
    {
      "mode": "managed",
      "type": "aws_s3_bucket_acl",
      "name": "sample",
      "provider": "provider[\"registry.terraform.io/hashicorp/aws\"]",
      "instances": [
        {
          "schema_version": 0,
          "attributes": {
            "access_control_policy": [
              {
                "grant": [
                  {
                    "grantee": [
                      {
                        "display_name": "",
                        "email_address": "",
                        "id": "",
                        "type": "Group",
                        "uri": "http://acs.amazonaws.com/groups/global/AllUsers"
                      }
                    ],
                    "permission": "READ"
                  },
                  {
                    "grantee": [
                      {
                        "display_name": "maryjaneenechukwu",
                        "email_address": "",
                        "id": "05f5341c1b86b77b76dd567833784c5a278c0d7408d6118fdd2ae93d98351a7b",
                        "type": "CanonicalUser",
                        "uri": ""
                      }
                    ],
                    "permission": "FULL_CONTROL"
                  }
                ],
                "owner": [
                  {
                    "display_name": "maryjaneenechukwu",
                    "id": "05f5341c1b86b77b76dd567833784c5a278c0d7408d6118fdd2ae93d98351a7b"
                  }
                ]
              }
            ],
            "acl": "public-read",
            "bucket": "my-new-dirctorsbucket-2024-23cb80c3a074cb",
            "expected_bucket_owner": "",
            "id": "my-new-dirctorsbucket-2024-23cb80c3a074cb,public-read"
          },
          "sensitive_attributes": [],
          "private": "bnVsbA==",
          "dependencies": [
            "aws_s3_bucket.directors_buckets",
            "aws_s3_bucket_ownership_controls.sample",
            "aws_s3_bucket_public_access_block.sample",
            "random_id.bucket_suffix"
          ]
        }
      ]
    },
    {
      "mode": "managed",
      "type": "aws_s3_bucket_ownership_controls",
      "name": "sample",
      "provider": "provider[\"registry.terraform.io/hashicorp/aws\"]",
      "instances": [
        {
          "schema_version": 0,
          "attributes": {
            "bucket": "my-new-dirctorsbucket-2024-23cb80c3a074cb",
            "id": "my-new-dirctorsbucket-2024-23cb80c3a074cb",
            "rule": [
              {
                "object_ownership": "BucketOwnerPreferred"
              }
            ]
          },
          "sensitive_attributes": [],
          "private": "bnVsbA==",
          "dependencies": [
            "aws_s3_bucket.directors_buckets",
            "random_id.bucket_suffix"
          ]
        }
      ]
    },
    {
      "mode": "managed",
      "type": "aws_s3_bucket_public_access_block",
      "name": "sample",
      "provider": "provider[\"registry.terraform.io/hashicorp/aws\"]",
      "instances": [
        {
          "schema_version": 0,
          "attributes": {
            "block_public_acls": false,
            "block_public_policy": false,
            "bucket": "my-new-dirctorsbucket-2024-23cb80c3a074cb",
            "id": "my-new-dirctorsbucket-2024-23cb80c3a074cb",
            "ignore_public_acls": false,
            "restrict_public_buckets": false
          },
          "sensitive_attributes": [],
          "private": "bnVsbA==",
          "dependencies": [
            "aws_s3_bucket.directors_buckets",
            "random_id.bucket_suffix"
          ]
        }
      ]
    },
    {
      "mode": "managed",
      "type": "aws_s3_bucket_website_configuration",
      "name": "website",
      "provider": "provider[\"registry.terraform.io/hashicorp/aws\"]",
      "instances": [
        {
          "schema_version": 0,
          "attributes": {
            "bucket": "my-new-dirctorsbucket-2024-23cb80c3a074cb",
            "error_document": [
              {
                "key": "error.html"
              }
            ],
            "expected_bucket_owner": "",
            "id": "my-new-dirctorsbucket-2024-23cb80c3a074cb",
            "index_document": [
              {
                "suffix": "index.html"
              }
            ],
            "redirect_all_requests_to": [],
            "routing_rule": [],
            "routing_rules": "",
            "website_domain": "s3-website-us-west-1.amazonaws.com",
            "website_endpoint": "my-new-dirctorsbucket-2024-23cb80c3a074cb.s3-website-us-west-1.amazonaws.com"
          },
          "sensitive_attributes": [],
          "private": "bnVsbA==",
          "dependencies": [
            "aws_s3_bucket.directors_buckets",
            "aws_s3_bucket_acl.sample",
            "aws_s3_bucket_ownership_controls.sample",
            "aws_s3_bucket_public_access_block.sample",
            "random_id.bucket_suffix"
          ]
        }
      ]
    },
    {
      "mode": "managed",
      "type": "random_id",
      "name": "bucket_suffix",
      "provider": "provider[\"registry.terraform.io/hashicorp/random\"]",
      "instances": [
        {
          "schema_version": 0,
          "attributes": {
            "b64_std": "I8uAw6B0yw==",
            "b64_url": "I8uAw6B0yw",
            "byte_length": 7,
            "dec": "10075378083198155",
            "hex": "23cb80c3a074cb",
            "id": "I8uAw6B0yw",
            "keepers": null,
            "prefix": null
          },
          "sensitive_attributes": []
        }
      ]
    }
  ],
  "check_results": null
}
